// !$*UTF8*$!
{
	archiveVersion = 1;
	classes = {
	};
	objectVersion = 46;
	objects = {

/* Begin PBXBuildFile section */
		5BED57C41CA8F719003D73AD /* AppDelegate.swift in Sources */ = {isa = PBXBuildFile; fileRef = 5BED57C31CA8F719003D73AD /* AppDelegate.swift */; };
		5BED57C61CA8F719003D73AD /* MovieViewController.swift in Sources */ = {isa = PBXBuildFile; fileRef = 5BED57C51CA8F719003D73AD /* MovieViewController.swift */; };
		5BED57C91CA8F719003D73AD /* Main.storyboard in Resources */ = {isa = PBXBuildFile; fileRef = 5BED57C71CA8F719003D73AD /* Main.storyboard */; };
		5BED57CB1CA8F719003D73AD /* Assets.xcassets in Resources */ = {isa = PBXBuildFile; fileRef = 5BED57CA1CA8F719003D73AD /* Assets.xcassets */; };
		5BED57CE1CA8F719003D73AD /* LaunchScreen.storyboard in Resources */ = {isa = PBXBuildFile; fileRef = 5BED57CC1CA8F719003D73AD /* LaunchScreen.storyboard */; };
		5BED57D61CA90270003D73AD /* Movie.swift in Sources */ = {isa = PBXBuildFile; fileRef = 5BED57D51CA90270003D73AD /* Movie.swift */; };
		5BED57D81CA90423003D73AD /* Theater.swift in Sources */ = {isa = PBXBuildFile; fileRef = 5BED57D71CA90423003D73AD /* Theater.swift */; };
		5BED57DA1CA90727003D73AD /* MovieTableViewCell.swift in Sources */ = {isa = PBXBuildFile; fileRef = 5BED57D91CA90727003D73AD /* MovieTableViewCell.swift */; };
		5BED57DC1CA90BC9003D73AD /* MovieDetailViewController.swift in Sources */ = {isa = PBXBuildFile; fileRef = 5BED57DB1CA90BC9003D73AD /* MovieDetailViewController.swift */; };
/* End PBXBuildFile section */

/* Begin PBXFileReference section */
		5BED57C01CA8F719003D73AD /* ACMovie.app */ = {isa = PBXFileReference; explicitFileType = wrapper.application; includeInIndex = 0; path = ACMovie.app; sourceTree = BUILT_PRODUCTS_DIR; };
		5BED57C31CA8F719003D73AD /* AppDelegate.swift */ = {isa = PBXFileReference; lastKnownFileType = sourcecode.swift; path = AppDelegate.swift; sourceTree = "<group>"; };
		5BED57C51CA8F719003D73AD /* MovieViewController.swift */ = {isa = PBXFileReference; lastKnownFileType = sourcecode.swift; path = MovieViewController.swift; sourceTree = "<group>"; };
		5BED57C81CA8F719003D73AD /* Base */ = {isa = PBXFileReference; lastKnownFileType = file.storyboard; name = Base; path = Base.lproj/Main.storyboard; sourceTree = "<group>"; };
		5BED57CA1CA8F719003D73AD /* Assets.xcassets */ = {isa = PBXFileReference; lastKnownFileType = folder.assetcatalog; path = Assets.xcassets; sourceTree = "<group>"; };
		5BED57CD1CA8F719003D73AD /* Base */ = {isa = PBXFileReference; lastKnownFileType = file.storyboard; name = Base; path = Base.lproj/LaunchScreen.storyboard; sourceTree = "<group>"; };
		5BED57CF1CA8F719003D73AD /* Info.plist */ = {isa = PBXFileReference; lastKnownFileType = text.plist.xml; path = Info.plist; sourceTree = "<group>"; };
		5BED57D51CA90270003D73AD /* Movie.swift */ = {isa = PBXFileReference; fileEncoding = 4; lastKnownFileType = sourcecode.swift; path = Movie.swift; sourceTree = "<group>"; };
		5BED57D71CA90423003D73AD /* Theater.swift */ = {isa = PBXFileReference; fileEncoding = 4; lastKnownFileType = sourcecode.swift; path = Theater.swift; sourceTree = "<group>"; };
		5BED57D91CA90727003D73AD /* MovieTableViewCell.swift */ = {isa = PBXFileReference; fileEncoding = 4; lastKnownFileType = sourcecode.swift; path = MovieTableViewCell.swift; sourceTree = "<group>"; };
		5BED57DB1CA90BC9003D73AD /* MovieDetailViewController.swift */ = {isa = PBXFileReference; fileEncoding = 4; lastKnownFileType = sourcecode.swift; path = MovieDetailViewController.swift; sourceTree = "<group>"; };
/* End PBXFileReference section */

/* Begin PBXFrameworksBuildPhase section */
		5BED57BD1CA8F719003D73AD /* Frameworks */ = {
			isa = PBXFrameworksBuildPhase;
			buildActionMask = 2147483647;
			files = (
			);
			runOnlyForDeploymentPostprocessing = 0;
		};
/* End PBXFrameworksBuildPhase section */

/* Begin PBXGroup section */
		5BED57B71CA8F719003D73AD = {
			isa = PBXGroup;
			children = (
				5BED57C21CA8F719003D73AD /* ACMovie */,
				5BED57C11CA8F719003D73AD /* Products */,
			);
			sourceTree = "<group>";
		};
		5BED57C11CA8F719003D73AD /* Products */ = {
			isa = PBXGroup;
			children = (
				5BED57C01CA8F719003D73AD /* ACMovie.app */,
			);
			name = Products;
			sourceTree = "<group>";
		};
		5BED57C21CA8F719003D73AD /* ACMovie */ = {
			isa = PBXGroup;
			children = (
				5BED57C31CA8F719003D73AD /* AppDelegate.swift */,
				5BED57C51CA8F719003D73AD /* MovieViewController.swift */,
				5BED57DB1CA90BC9003D73AD /* MovieDetailViewController.swift */,
				5BED57D91CA90727003D73AD /* MovieTableViewCell.swift */,
				5BED57C71CA8F719003D73AD /* Main.storyboard */,
				5BED57CA1CA8F719003D73AD /* Assets.xcassets */,
				5BED57CC1CA8F719003D73AD /* LaunchScreen.storyboard */,
				5BED57CF1CA8F719003D73AD /* Info.plist */,
				5BED57D51CA90270003D73AD /* Movie.swift */,
				5BED57D71CA90423003D73AD /* Theater.swift */,
			);
			name = ACMovie;
			path = ACExam;
			sourceTree = "<group>";
		};
/* End PBXGroup section */

/* Begin PBXNativeTarget section */
		5BED57BF1CA8F719003D73AD /* ACMovie */ = {
			isa = PBXNativeTarget;
			buildConfigurationList = 5BED57D21CA8F719003D73AD /* Build configuration list for PBXNativeTarget "ACMovie" */;
			buildPhases = (
				5BED57BC1CA8F719003D73AD /* Sources */,
				5BED57BD1CA8F719003D73AD /* Frameworks */,
				5BED57BE1CA8F719003D73AD /* Resources */,
			);
			buildRules = (
			);
			dependencies = (
			);
			name = ACMovie;
			productName = ACExam;
			productReference = 5BED57C01CA8F719003D73AD /* ACMovie.app */;
			productType = "com.apple.product-type.application";
		};
/* End PBXNativeTarget section */

/* Begin PBXProject section */
		5BED57B81CA8F719003D73AD /* Project object */ = {
			isa = PBXProject;
			attributes = {
				LastSwiftUpdateCheck = 0730;
				LastUpgradeCheck = 0730;
				ORGANIZATIONNAME = Frainbow;
				TargetAttributes = {
					5BED57BF1CA8F719003D73AD = {
						CreatedOnToolsVersion = 7.3;
					};
				};
			};
			buildConfigurationList = 5BED57BB1CA8F719003D73AD /* Build configuration list for PBXProject "ACExam" */;
			compatibilityVersion = "Xcode 3.2";
			developmentRegion = English;
			hasScannedForEncodings = 0;
			knownRegions = (
				en,
				Base,
			);
			mainGroup = 5BED57B71CA8F719003D73AD;
			productRefGroup = 5BED57C11CA8F719003D73AD /* Products */;
			projectDirPath = "";
			projectRoot = "";
			targets = (
				5BED57BF1CA8F719003D73AD /* ACMovie */,
			);
		};
/* End PBXProject section */

/* Begin PBXResourcesBuildPhase section */
		5BED57BE1CA8F719003D73AD /* Resources */ = {
			isa = PBXResourcesBuildPhase;
			buildActionMask = 2147483647;
			files = (
				5BED57CE1CA8F719003D73AD /* LaunchScreen.storyboard in Resources */,
				5BED57CB1CA8F719003D73AD /* Assets.xcassets in Resources */,
				5BED57C91CA8F719003D73AD /* Main.storyboard in Resources */,
			);
			runOnlyForDeploymentPostprocessing = 0;
		};
/* End PBXResourcesBuildPhase section */

/* Begin PBXSourcesBuildPhase section */
		5BED57BC1CA8F719003D73AD /* Sources */ = {
			isa = PBXSourcesBuildPhase;
			buildActionMask = 2147483647;
			files = (
				5BED57DA1CA90727003D73AD /* MovieTableViewCell.swift in Sources */,
				5BED57C61CA8F719003D73AD /* MovieViewController.swift in Sources */,
				5BED57D81CA90423003D73AD /* Theater.swift in Sources */,
				5BED57C41CA8F719003D73AD /* AppDelegate.swift in Sources */,
				5BED57DC1CA90BC9003D73AD /* MovieDetailViewController.swift in Sources */,
				5BED57D61CA90270003D73AD /* Movie.swift in Sources */,
			);
			runOnlyForDeploymentPostprocessing = 0;
		};
/* End PBXSourcesBuildPhase section */

/* Begin PBXVariantGroup section */
		5BED57C71CA8F719003D73AD /* Main.storyboard */ = {
			isa = PBXVariantGroup;
			children = (
				5BED57C81CA8F719003D73AD /* Base */,
			);
			name = Main.storyboard;
			sourceTree = "<group>";
		};
		5BED57CC1CA8F719003D73AD /* LaunchScreen.storyboard */ = {
			isa = PBXVariantGroup;
			children = (
				5BED57CD1CA8F719003D73AD /* Base */,
			);
			name = LaunchScreen.storyboard;
			sourceTree = "<group>";
		};
/* End PBXVariantGroup section */

/* Begin XCBuildConfiguration section */
		5BED57D01CA8F719003D73AD /* Debug */ = {
			isa = XCBuildConfiguration;
			buildSettings = {
				ALWAYS_SEARCH_USER_PATHS = NO;
				CLANG_ANALYZER_NONNULL = YES;
				CLANG_CXX_LANGUAGE_STANDARD = "gnu++0x";
				CLANG_CXX_LIBRARY = "libc++";
				CLANG_ENABLE_MODULES = YES;
				CLANG_ENABLE_OBJC_ARC = YES;
				CLANG_WARN_BOOL_CONVERSION = YES;
				CLANG_WARN_CONSTANT_CONVERSION = YES;
				CLANG_WARN_DIRECT_OBJC_ISA_USAGE = YES_ERROR;
				CLANG_WARN_EMPTY_BODY = YES;
				CLANG_WARN_ENUM_CONVERSION = YES;
				CLANG_WARN_INT_CONVERSION = YES;
				CLANG_WARN_OBJC_ROOT_CLASS = YES_ERROR;
				CLANG_WARN_UNREACHABLE_CODE = YES;
				CLANG_WARN__DUPLICATE_METHOD_MATCH = YES;
				"CODE_SIGN_IDENTITY[sdk=iphoneos*]" = "iPhone Developer";
				COPY_PHASE_STRIP = NO;
				DEBUG_INFORMATION_FORMAT = dwarf;
				ENABLE_STRICT_OBJC_MSGSEND = YES;
				ENABLE_TESTABILITY = YES;
				GCC_C_LANGUAGE_STANDARD = gnu99;
				GCC_DYNAMIC_NO_PIC = NO;
				GCC_NO_COMMON_BLOCKS = YES;
				GCC_OPTIMIZATION_LEVEL = 0;
				GCC_PREPROCESSOR_DEFINITIONS = (
					"DEBUG=1",
					"$(inherited)",
				);
				GCC_WARN_64_TO_32_BIT_CONVERSION = YES;
				GCC_WARN_ABOUT_RETURN_TYPE = YES_ERROR;
				GCC_WARN_UNDECLARED_SELECTOR = YES;
				GCC_WARN_UNINITIALIZED_AUTOS = YES_AGGRESSIVE;
				GCC_WARN_UNUSED_FUNCTION = YES;
				GCC_WARN_UNUSED_VARIABLE = YES;
				IPHONEOS_DEPLOYMENT_TARGET = 9.3;
				MTL_ENABLE_DEBUG_INFO = YES;
				ONLY_ACTIVE_ARCH = YES;
				SDKROOT = iphoneos;
				SWIFT_OPTIMIZATION_LEVEL = "-Onone";
			};
			name = Debug;
		};
		5BED57D11CA8F719003D73AD /* Release */ = {
			isa = XCBuildConfiguration;
			buildSettings = {
				ALWAYS_SEARCH_USER_PATHS = NO;
				CLANG_ANALYZER_NONNULL = YES;
				CLANG_CXX_LANGUAGE_STANDARD = "gnu++0x";
				CLANG_CXX_LIBRARY = "libc++";
				CLANG_ENABLE_MODULES = YES;
				CLANG_ENABLE_OBJC_ARC = YES;
				CLANG_WARN_BOOL_CONVERSION = YES;
				CLANG_WARN_CONSTANT_CONVERSION = YES;
				CLANG_WARN_DIRECT_OBJC_ISA_USAGE = YES_ERROR;
				CLANG_WARN_EMPTY_BODY = YES;
				CLANG_WARN_ENUM_CONVERSION = YES;
				CLANG_WARN_INT_CONVERSION = YES;
				CLANG_WARN_OBJC_ROOT_CLASS = YES_ERROR;
				CLANG_WARN_UNREACHABLE_CODE = YES;
				CLANG_WARN__DUPLICATE_METHOD_MATCH = YES;
				"CODE_SIGN_IDENTITY[sdk=iphoneos*]" = "iPhone Developer";
				COPY_PHASE_STRIP = NO;
				DEBUG_INFORMATION_FORMAT = "dwarf-with-dsym";
				ENABLE_NS_ASSERTIONS = NO;
				ENABLE_STRICT_OBJC_MSGSEND = YES;
				GCC_C_LANGUAGE_STANDARD = gnu99;
				GCC_NO_COMMON_BLOCKS = YES;
				GCC_WARN_64_TO_32_BIT_CONVERSION = YES;
				GCC_WARN_ABOUT_RETURN_TYPE = YES_ERROR;
				GCC_WARN_UNDECLARED_SELECTOR = YES;
				GCC_WARN_UNINITIALIZED_AUTOS = YES_AGGRESSIVE;
				GCC_WARN_UNUSED_FUNCTION = YES;
				GCC_WARN_UNUSED_VARIABLE = YES;
				IPHONEOS_DEPLOYMENT_TARGET = 9.3;
				MTL_ENABLE_DEBUG_INFO = NO;
				SDKROOT = iphoneos;
				VALIDATE_PRODUCT = YES;
			};
			name = Release;
		};
		5BED57D31CA8F719003D73AD /* Debug */ = {
			isa = XCBuildConfiguration;
			buildSettings = {
				ASSETCATALOG_COMPILER_APPICON_NAME = AppIcon;
				INFOPLIST_FILE = ACExam/Info.plist;
				LD_RUNPATH_SEARCH_PATHS = "$(inherited) @executable_path/Frameworks";
				PRODUCT_BUNDLE_IDENTIFIER = tw.frb.ACMovie;
				PRODUCT_NAME = "$(TARGET_NAME)";
			};
			name = Debug;
		};
		5BED57D41CA8F719003D73AD /* Release */ = {
			isa = XCBuildConfiguration;
			buildSettings = {
				ASSETCATALOG_COMPILER_APPICON_NAME = AppIcon;
				INFOPLIST_FILE = ACExam/Info.plist;
				LD_RUNPATH_SEARCH_PATHS = "$(inherited) @executable_path/Frameworks";
				PRODUCT_BUNDLE_IDENTIFIER = tw.frb.ACMovie;
				PRODUCT_NAME = "$(TARGET_NAME)";
			};
			name = Release;
		};
/* End XCBuildConfiguration section */

/* Begin XCConfigurationList section */
		5BED57BB1CA8F719003D73AD /* Build configuration list for PBXProject "ACExam" */ = {
			isa = XCConfigurationList;
			buildConfigurations = (
				5BED57D01CA8F719003D73AD /* Debug */,
				5BED57D11CA8F719003D73AD /* Release */,
			);
			defaultConfigurationIsVisible = 0;
			defaultConfigurationName = Release;
		};
		5BED57D21CA8F719003D73AD /* Build configuration list for PBXNativeTarget "ACMovie" */ = {
			isa = XCConfigurationList;
			buildConfigurations = (
				5BED57D31CA8F719003D73AD /* Debug */,
				5BED57D41CA8F719003D73AD /* Release */,
			);
			defaultConfigurationIsVisible = 0;
			defaultConfigurationName = Release;
		};
/* End XCConfigurationList section */
	};
	rootObject = 5BED57B81CA8F719003D73AD /* Project object */;
}
